
Microsoft Visual Studio Solution File, Format Version 12.00
# Visual Studio 15
VisualStudioVersion = 15.0.28307.779
MinimumVisualStudioVersion = 10.0.40219.1
Project("{8BC9CEB8-8B4A-11D0-8D11-00A0C91BC942}") = "recordplayout", "recordplayout\recordplayout.vcxproj", "{8CE33FEE-50C0-487B-BA4E-7F57C904D9EC}"
EndProject
Project("{8BC9CEB8-8B4A-11D0-8D11-00A0C91BC942}") = "commonlib", "commonlib\commonlib.vcxproj", "{A24D8641-106A-4A50-A72E-FFA44F5AF1B4}"
EndProject
Project("{8BC9CEB8-8B4A-11D0-8D11-00A0C91BC942}") = "peerconnection", "peerconnection\peerconnection.vcxproj", "{1CBE46F5-ACA7-400D-859F-80F310814FA7}"
EndProject
Project("{8BC9CEB8-8B4A-11D0-8D11-00A0C91BC942}") = "videocapture", "videocapture\videocapture.vcxproj", "{72A998B1-6096-4A0E-A995-5E63DAA1BE91}"
EndProject
Project("{8BC9CEB8-8B4A-11D0-8D11-00A0C91BC942}") = "simpleplayer", "simpleplayer\simpleplayer.vcxproj", "{2A1DC0B7-1081-401C-9F78-6990E77D354A}"
EndProject
Project("{8BC9CEB8-8B4A-11D0-8D11-00A0C91BC942}") = "audiocapture", "audiocapture\audiocapture.vcxproj", "{EB4275DE-AEC6-4302-9B79-9DD34ED67C84}"
EndProject
Global
	GlobalSection(SolutionConfigurationPlatforms) = preSolution
		Debug|x64 = Debug|x64
		Debug|x86 = Debug|x86
		Release|x64 = Release|x64
		Release|x86 = Release|x86
	EndGlobalSection
	GlobalSection(ProjectConfigurationPlatforms) = postSolution
		{8CE33FEE-50C0-487B-BA4E-7F57C904D9EC}.Debug|x64.ActiveCfg = Debug|x64
		{8CE33FEE-50C0-487B-BA4E-7F57C904D9EC}.Debug|x64.Build.0 = Debug|x64
		{8CE33FEE-50C0-487B-BA4E-7F57C904D9EC}.Debug|x86.ActiveCfg = Debug|Win32
		{8CE33FEE-50C0-487B-BA4E-7F57C904D9EC}.Debug|x86.Build.0 = Debug|Win32
		{8CE33FEE-50C0-487B-BA4E-7F57C904D9EC}.Release|x64.ActiveCfg = Release|x64
		{8CE33FEE-50C0-487B-BA4E-7F57C904D9EC}.Release|x64.Build.0 = Release|x64
		{8CE33FEE-50C0-487B-BA4E-7F57C904D9EC}.Release|x86.ActiveCfg = Release|Win32
		{8CE33FEE-50C0-487B-BA4E-7F57C904D9EC}.Release|x86.Build.0 = Release|Win32
		{A24D8641-106A-4A50-A72E-FFA44F5AF1B4}.Debug|x64.ActiveCfg = Debug|x64
		{A24D8641-106A-4A50-A72E-FFA44F5AF1B4}.Debug|x64.Build.0 = Debug|x64
		{A24D8641-106A-4A50-A72E-FFA44F5AF1B4}.Debug|x86.ActiveCfg = Debug|Win32
		{A24D8641-106A-4A50-A72E-FFA44F5AF1B4}.Debug|x86.Build.0 = Debug|Win32
		{A24D8641-106A-4A50-A72E-FFA44F5AF1B4}.Release|x64.ActiveCfg = Release|x64
		{A24D8641-106A-4A50-A72E-FFA44F5AF1B4}.Release|x64.Build.0 = Release|x64
		{A24D8641-106A-4A50-A72E-FFA44F5AF1B4}.Release|x86.ActiveCfg = Release|Win32
		{A24D8641-106A-4A50-A72E-FFA44F5AF1B4}.Release|x86.Build.0 = Release|Win32
		{1CBE46F5-ACA7-400D-859F-80F310814FA7}.Debug|x64.ActiveCfg = Debug|x64
		{1CBE46F5-ACA7-400D-859F-80F310814FA7}.Debug|x64.Build.0 = Debug|x64
		{1CBE46F5-ACA7-400D-859F-80F310814FA7}.Debug|x86.ActiveCfg = Debug|Win32
		{1CBE46F5-ACA7-400D-859F-80F310814FA7}.Debug|x86.Build.0 = Debug|Win32
		{1CBE46F5-ACA7-400D-859F-80F310814FA7}.Release|x64.ActiveCfg = Release|x64
		{1CBE46F5-ACA7-400D-859F-80F310814FA7}.Release|x64.Build.0 = Release|x64
		{1CBE46F5-ACA7-400D-859F-80F310814FA7}.Release|x86.ActiveCfg = Release|Win32
		{1CBE46F5-ACA7-400D-859F-80F310814FA7}.Release|x86.Build.0 = Release|Win32
		{72A998B1-6096-4A0E-A995-5E63DAA1BE91}.Debug|x64.ActiveCfg = Debug|x64
		{72A998B1-6096-4A0E-A995-5E63DAA1BE91}.Debug|x64.Build.0 = Debug|x64
		{72A998B1-6096-4A0E-A995-5E63DAA1BE91}.Debug|x86.ActiveCfg = Debug|Win32
		{72A998B1-6096-4A0E-A995-5E63DAA1BE91}.Debug|x86.Build.0 = Debug|Win32
		{72A998B1-6096-4A0E-A995-5E63DAA1BE91}.Release|x64.ActiveCfg = Release|x64
		{72A998B1-6096-4A0E-A995-5E63DAA1BE91}.Release|x64.Build.0 = Release|x64
		{72A998B1-6096-4A0E-A995-5E63DAA1BE91}.Release|x86.ActiveCfg = Release|Win32
		{72A998B1-6096-4A0E-A995-5E63DAA1BE91}.Release|x86.Build.0 = Release|Win32
		{2A1DC0B7-1081-401C-9F78-6990E77D354A}.Debug|x64.ActiveCfg = Debug|x64
		{2A1DC0B7-1081-401C-9F78-6990E77D354A}.Debug|x64.Build.0 = Debug|x64
		{2A1DC0B7-1081-401C-9F78-6990E77D354A}.Debug|x86.ActiveCfg = Debug|Win32
		{2A1DC0B7-1081-401C-9F78-6990E77D354A}.Debug|x86.Build.0 = Debug|Win32
		{2A1DC0B7-1081-401C-9F78-6990E77D354A}.Release|x64.ActiveCfg = Release|x64
		{2A1DC0B7-1081-401C-9F78-6990E77D354A}.Release|x64.Build.0 = Release|x64
		{2A1DC0B7-1081-401C-9F78-6990E77D354A}.Release|x86.ActiveCfg = Release|Win32
		{2A1DC0B7-1081-401C-9F78-6990E77D354A}.Release|x86.Build.0 = Release|Win32
		{EB4275DE-AEC6-4302-9B79-9DD34ED67C84}.Debug|x64.ActiveCfg = Debug|x64
		{EB4275DE-AEC6-4302-9B79-9DD34ED67C84}.Debug|x64.Build.0 = Debug|x64
		{EB4275DE-AEC6-4302-9B79-9DD34ED67C84}.Debug|x86.ActiveCfg = Debug|Win32
		{EB4275DE-AEC6-4302-9B79-9DD34ED67C84}.Debug|x86.Build.0 = Debug|Win32
		{EB4275DE-AEC6-4302-9B79-9DD34ED67C84}.Release|x64.ActiveCfg = Release|x64
		{EB4275DE-AEC6-4302-9B79-9DD34ED67C84}.Release|x64.Build.0 = Release|x64
		{EB4275DE-AEC6-4302-9B79-9DD34ED67C84}.Release|x86.ActiveCfg = Release|Win32
		{EB4275DE-AEC6-4302-9B79-9DD34ED67C84}.Release|x86.Build.0 = Release|Win32
	EndGlobalSection
	GlobalSection(SolutionProperties) = preSolution
		HideSolutionNode = FALSE
	EndGlobalSection
	GlobalSection(ExtensibilityGlobals) = postSolution
		SolutionGuid = {A0E1FB8B-DC10-4E71-B692-A7F1A34931A2}
	EndGlobalSection
EndGlobal
