Microsoft Visual Studio Solution File, Format Version 8.00
Project("{8BC9CEB8-8B4A-11D0-8D11-00A0C91BC942}") = "solatest", "solatest.vcproj", "{B73EC10A-B772-41E9-95B0-F883E91F33FF}"
	ProjectSection(ProjectDependencies) = postProject
	EndProjectSection
EndProject
Global
	GlobalSection(SolutionConfiguration) = preSolution
		Debug = Debug
		Release = Release
	EndGlobalSection
	GlobalSection(ProjectConfiguration) = postSolution
		{B73EC10A-B772-41E9-95B0-F883E91F33FF}.Debug.ActiveCfg = Debug|Win32
		{B73EC10A-B772-41E9-95B0-F883E91F33FF}.Debug.Build.0 = Debug|Win32
		{B73EC10A-B772-41E9-95B0-F883E91F33FF}.Release.ActiveCfg = Release|Win32
		{B73EC10A-B772-41E9-95B0-F883E91F33FF}.Release.Build.0 = Release|Win32
	EndGlobalSection
	GlobalSection(ExtensibilityGlobals) = postSolution
	EndGlobalSection
	GlobalSection(ExtensibilityAddIns) = postSolution
	EndGlobalSection
EndGlobal
